
Microsoft Visual Studio Solution File, Format Version 12.00
# Visual Studio Version 17
VisualStudioVersion = 17.2.32630.192
MinimumVisualStudioVersion = 10.0.40219.1
Project("{9A19103F-16F7-4668-BE54-9A1E7A4F7556}") = "Tracer.Core", "Tracer.Core\Tracer.Core.csproj", "{F771CBE4-313C-413B-95E4-63FBADECE405}"
EndProject
Project("{9A19103F-16F7-4668-BE54-9A1E7A4F7556}") = "Tracer.Serialization.Abstractions", "Tracer.Serialization.Abstractions\Tracer.Serialization.Abstractions.csproj", "{47BE788C-1131-4012-BFD2-A4344B768E98}"
EndProject
Project("{2150E333-8FDC-42A3-9474-1A3956D46DE8}") = "Tracer", "Tracer", "{E88C1DE5-035E-4FE3-A8D9-5565448A5AA1}"
EndProject
Global
	GlobalSection(SolutionConfigurationPlatforms) = preSolution
		Debug|Any CPU = Debug|Any CPU
		Release|Any CPU = Release|Any CPU
	EndGlobalSection
	GlobalSection(ProjectConfigurationPlatforms) = postSolution
		{F771CBE4-313C-413B-95E4-63FBADECE405}.Debug|Any CPU.ActiveCfg = Debug|Any CPU
		{F771CBE4-313C-413B-95E4-63FBADECE405}.Debug|Any CPU.Build.0 = Debug|Any CPU
		{F771CBE4-313C-413B-95E4-63FBADECE405}.Release|Any CPU.ActiveCfg = Release|Any CPU
		{F771CBE4-313C-413B-95E4-63FBADECE405}.Release|Any CPU.Build.0 = Release|Any CPU
		{47BE788C-1131-4012-BFD2-A4344B768E98}.Debug|Any CPU.ActiveCfg = Debug|Any CPU
		{47BE788C-1131-4012-BFD2-A4344B768E98}.Debug|Any CPU.Build.0 = Debug|Any CPU
		{47BE788C-1131-4012-BFD2-A4344B768E98}.Release|Any CPU.ActiveCfg = Release|Any CPU
		{47BE788C-1131-4012-BFD2-A4344B768E98}.Release|Any CPU.Build.0 = Release|Any CPU
	EndGlobalSection
	GlobalSection(SolutionProperties) = preSolution
		HideSolutionNode = FALSE
	EndGlobalSection
	GlobalSection(NestedProjects) = preSolution
		{F771CBE4-313C-413B-95E4-63FBADECE405} = {E88C1DE5-035E-4FE3-A8D9-5565448A5AA1}
		{47BE788C-1131-4012-BFD2-A4344B768E98} = {E88C1DE5-035E-4FE3-A8D9-5565448A5AA1}
	EndGlobalSection
	GlobalSection(ExtensibilityGlobals) = postSolution
		SolutionGuid = {F5E1E436-4F74-49EC-9F06-C4531C4FCFAB}
	EndGlobalSection
EndGlobal
